
Microsoft Visual Studio Solution File, Format Version 12.00
# Visual Studio 2013
VisualStudioVersion = 12.0.31101.0
MinimumVisualStudioVersion = 10.0.40219.1
Project("{FAE04EC0-301F-11D3-BF4B-00C04F79EFBC}") = "xgvlk98.ODataBackend", "ODataBackend/xgvlk98.ODataBackend.csproj", "{71F15D8A-7DBD-4785-A967-52018DAAAB37}"
EndProject
Project("{FAE04EC0-301F-11D3-BF4B-00C04F79EFBC}") = "xgvlk98.Objects", "Objects/xgvlk98.Objects.csproj", "{080B70AF-7145-45E9-A364-D565434B4953}"
EndProject
Global
	GlobalSection(SolutionConfigurationPlatforms) = preSolution
Debug|Any CPU = Debug|Any CPU
Release|Any CPU = Release|Any CPU
	EndGlobalSection
	GlobalSection(ProjectConfigurationPlatforms) = postSolution
		{71F15D8A-7DBD-4785-A967-52018DAAAB37}.Debug|Any CPU.ActiveCfg = Debug|Any CPU
		{71F15D8A-7DBD-4785-A967-52018DAAAB37}.Debug|Any CPU.Build.0 = Debug|Any CPU
		{71F15D8A-7DBD-4785-A967-52018DAAAB37}.Release|Any CPU.ActiveCfg = Release|Any CPU
		{71F15D8A-7DBD-4785-A967-52018DAAAB37}.Release|Any CPU.Build.0 = Release|Any CPU
		{080B70AF-7145-45E9-A364-D565434B4953}.Debug|Any CPU.ActiveCfg = Debug|Any CPU
		{080B70AF-7145-45E9-A364-D565434B4953}.Debug|Any CPU.Build.0 = Debug|Any CPU
		{080B70AF-7145-45E9-A364-D565434B4953}.Release|Any CPU.ActiveCfg = Release|Any CPU
		{080B70AF-7145-45E9-A364-D565434B4953}.Release|Any CPU.Build.0 = Release|Any CPU
	EndGlobalSection
	GlobalSection(SolutionProperties) = preSolution
		HideSolutionNode = FALSE
	EndGlobalSection
EndGlobal
